
Microsoft Visual Studio Solution File, Format Version 12.00
# Visual Studio 2013
VisualStudioVersion = 12.0.40629.0
MinimumVisualStudioVersion = 10.0.40219.1
Project("{FAE04EC0-301F-11D3-BF4B-00C04F79EFBC}") = "RESTServices", "RESTServices\RESTServices.csproj", "{967C1805-EFB1-4C0C-B0B2-9CE8CD8B05D7}"
EndProject
Project("{FAE04EC0-301F-11D3-BF4B-00C04F79EFBC}") = "RestTest", "RestTest\RestTest.csproj", "{3B3ABB72-C3A7-40F8-B070-A4EA18855247}"
EndProject
Global
	GlobalSection(SolutionConfigurationPlatforms) = preSolution
		Debug|Any CPU = Debug|Any CPU
		Release|Any CPU = Release|Any CPU
	EndGlobalSection
	GlobalSection(ProjectConfigurationPlatforms) = postSolution
		{967C1805-EFB1-4C0C-B0B2-9CE8CD8B05D7}.Debug|Any CPU.ActiveCfg = Debug|Any CPU
		{967C1805-EFB1-4C0C-B0B2-9CE8CD8B05D7}.Debug|Any CPU.Build.0 = Debug|Any CPU
		{967C1805-EFB1-4C0C-B0B2-9CE8CD8B05D7}.Release|Any CPU.ActiveCfg = Release|Any CPU
		{967C1805-EFB1-4C0C-B0B2-9CE8CD8B05D7}.Release|Any CPU.Build.0 = Release|Any CPU
		{3B3ABB72-C3A7-40F8-B070-A4EA18855247}.Debug|Any CPU.ActiveCfg = Debug|Any CPU
		{3B3ABB72-C3A7-40F8-B070-A4EA18855247}.Debug|Any CPU.Build.0 = Debug|Any CPU
		{3B3ABB72-C3A7-40F8-B070-A4EA18855247}.Release|Any CPU.ActiveCfg = Release|Any CPU
		{3B3ABB72-C3A7-40F8-B070-A4EA18855247}.Release|Any CPU.Build.0 = Release|Any CPU
	EndGlobalSection
	GlobalSection(SolutionProperties) = preSolution
		HideSolutionNode = FALSE
	EndGlobalSection
EndGlobal
